// !$*UTF8*$!
{
	archiveVersion = 1;
	classes = {
	};
	objectVersion = 50;
	objects = {

/* Begin PBXBuildFile section */
		A4DD2D4B25369AE00080711C /* AppDelegate.m in Sources */ = {isa = PBXBuildFile; fileRef = A4DD2D4A25369AE00080711C /* AppDelegate.m */; };
		A4DD2D4E25369AE00080711C /* SceneDelegate.m in Sources */ = {isa = PBXBuildFile; fileRef = A4DD2D4D25369AE00080711C /* SceneDelegate.m */; };
		A4DD2D5125369AE00080711C /* ViewController.m in Sources */ = {isa = PBXBuildFile; fileRef = A4DD2D5025369AE00080711C /* ViewController.m */; };
		A4DD2D5425369AE00080711C /* Main.storyboard in Resources */ = {isa = PBXBuildFile; fileRef = A4DD2D5225369AE00080711C /* Main.storyboard */; };
		A4DD2D5625369AE20080711C /* Assets.xcassets in Resources */ = {isa = PBXBuildFile; fileRef = A4DD2D5525369AE20080711C /* Assets.xcassets */; };
		A4DD2D5925369AE20080711C /* LaunchScreen.storyboard in Resources */ = {isa = PBXBuildFile; fileRef = A4DD2D5725369AE20080711C /* LaunchScreen.storyboard */; };
		A4DD2D5C25369AE20080711C /* main.m in Sources */ = {isa = PBXBuildFile; fileRef = A4DD2D5B25369AE20080711C /* main.m */; };
		A4DD2D6625369AE20080711C /* MagicIOSSDKTests.m in Sources */ = {isa = PBXBuildFile; fileRef = A4DD2D6525369AE20080711C /* MagicIOSSDKTests.m */; };
		A4DD2D7125369AE20080711C /* MagicIOSSDKUITests.m in Sources */ = {isa = PBXBuildFile; fileRef = A4DD2D7025369AE20080711C /* MagicIOSSDKUITests.m */; };
		A4DD2DA825369DBC0080711C /* MagicSDK.mm in Sources */ = {isa = PBXBuildFile; fileRef = A4DD2DA725369DBC0080711C /* MagicSDK.mm */; };
/* End PBXBuildFile section */

/* Begin PBXContainerItemProxy section */
		A4DD2D6225369AE20080711C /* PBXContainerItemProxy */ = {
			isa = PBXContainerItemProxy;
			containerPortal = A4DD2D3E25369AE00080711C /* Project object */;
			proxyType = 1;
			remoteGlobalIDString = A4DD2D4525369AE00080711C;
			remoteInfo = MagicIOSSDK;
		};
		A4DD2D6D25369AE20080711C /* PBXContainerItemProxy */ = {
			isa = PBXContainerItemProxy;
			containerPortal = A4DD2D3E25369AE00080711C /* Project object */;
			proxyType = 1;
			remoteGlobalIDString = A4DD2D4525369AE00080711C;
			remoteInfo = MagicIOSSDK;
		};
/* End PBXContainerItemProxy section */

/* Begin PBXFileReference section */
		A4DD2D4625369AE00080711C /* MagicIOSSDK.app */ = {isa = PBXFileReference; explicitFileType = wrapper.application; includeInIndex = 0; path = MagicIOSSDK.app; sourceTree = BUILT_PRODUCTS_DIR; };
		A4DD2D4925369AE00080711C /* AppDelegate.h */ = {isa = PBXFileReference; lastKnownFileType = sourcecode.c.h; path = AppDelegate.h; sourceTree = "<group>"; };
		A4DD2D4A25369AE00080711C /* AppDelegate.m */ = {isa = PBXFileReference; lastKnownFileType = sourcecode.c.objc; path = AppDelegate.m; sourceTree = "<group>"; };
		A4DD2D4C25369AE00080711C /* SceneDelegate.h */ = {isa = PBXFileReference; lastKnownFileType = sourcecode.c.h; path = SceneDelegate.h; sourceTree = "<group>"; };
		A4DD2D4D25369AE00080711C /* SceneDelegate.m */ = {isa = PBXFileReference; lastKnownFileType = sourcecode.c.objc; path = SceneDelegate.m; sourceTree = "<group>"; };
		A4DD2D4F25369AE00080711C /* ViewController.h */ = {isa = PBXFileReference; lastKnownFileType = sourcecode.c.h; path = ViewController.h; sourceTree = "<group>"; };
		A4DD2D5025369AE00080711C /* ViewController.m */ = {isa = PBXFileReference; lastKnownFileType = sourcecode.c.objc; path = ViewController.m; sourceTree = "<group>"; };
		A4DD2D5325369AE00080711C /* Base */ = {isa = PBXFileReference; lastKnownFileType = file.storyboard; name = Base; path = Base.lproj/Main.storyboard; sourceTree = "<group>"; };
		A4DD2D5525369AE20080711C /* Assets.xcassets */ = {isa = PBXFileReference; lastKnownFileType = folder.assetcatalog; path = Assets.xcassets; sourceTree = "<group>"; };
		A4DD2D5825369AE20080711C /* Base */ = {isa = PBXFileReference; lastKnownFileType = file.storyboard; name = Base; path = Base.lproj/LaunchScreen.storyboard; sourceTree = "<group>"; };
		A4DD2D5A25369AE20080711C /* Info.plist */ = {isa = PBXFileReference; lastKnownFileType = text.plist.xml; path = Info.plist; sourceTree = "<group>"; };
		A4DD2D5B25369AE20080711C /* main.m */ = {isa = PBXFileReference; lastKnownFileType = sourcecode.c.objc; path = main.m; sourceTree = "<group>"; };
		A4DD2D6125369AE20080711C /* MagicIOSSDKTests.xctest */ = {isa = PBXFileReference; explicitFileType = wrapper.cfbundle; includeInIndex = 0; path = MagicIOSSDKTests.xctest; sourceTree = BUILT_PRODUCTS_DIR; };
		A4DD2D6525369AE20080711C /* MagicIOSSDKTests.m */ = {isa = PBXFileReference; lastKnownFileType = sourcecode.c.objc; path = MagicIOSSDKTests.m; sourceTree = "<group>"; };
		A4DD2D6725369AE20080711C /* Info.plist */ = {isa = PBXFileReference; lastKnownFileType = text.plist.xml; path = Info.plist; sourceTree = "<group>"; };
		A4DD2D6C25369AE20080711C /* MagicIOSSDKUITests.xctest */ = {isa = PBXFileReference; explicitFileType = wrapper.cfbundle; includeInIndex = 0; path = MagicIOSSDKUITests.xctest; sourceTree = BUILT_PRODUCTS_DIR; };
		A4DD2D7025369AE20080711C /* MagicIOSSDKUITests.m */ = {isa = PBXFileReference; lastKnownFileType = sourcecode.c.objc; path = MagicIOSSDKUITests.m; sourceTree = "<group>"; };
		A4DD2D7225369AE20080711C /* Info.plist */ = {isa = PBXFileReference; lastKnownFileType = text.plist.xml; path = Info.plist; sourceTree = "<group>"; };
		A4DD2DA625369DBC0080711C /* MagicSDK.h */ = {isa = PBXFileReference; fileEncoding = 4; lastKnownFileType = sourcecode.c.h; path = MagicSDK.h; sourceTree = "<group>"; };
		A4DD2DA725369DBC0080711C /* MagicSDK.mm */ = {isa = PBXFileReference; fileEncoding = 4; lastKnownFileType = sourcecode.cpp.objcpp; path = MagicSDK.mm; sourceTree = "<group>"; };
/* End PBXFileReference section */

/* Begin PBXFrameworksBuildPhase section */
		A4DD2D4325369AE00080711C /* Frameworks */ = {
			isa = PBXFrameworksBuildPhase;
			buildActionMask = 2147483647;
			files = (
			);
			runOnlyForDeploymentPostprocessing = 0;
		};
		A4DD2D5E25369AE20080711C /* Frameworks */ = {
			isa = PBXFrameworksBuildPhase;
			buildActionMask = 2147483647;
			files = (
			);
			runOnlyForDeploymentPostprocessing = 0;
		};
		A4DD2D6925369AE20080711C /* Frameworks */ = {
			isa = PBXFrameworksBuildPhase;
			buildActionMask = 2147483647;
			files = (
			);
			runOnlyForDeploymentPostprocessing = 0;
		};
/* End PBXFrameworksBuildPhase section */

/* Begin PBXGroup section */
		A4DD2D3D25369AE00080711C = {
			isa = PBXGroup;
			children = (
				A4DD2D4825369AE00080711C /* MagicIOSSDK */,
				A4DD2D6425369AE20080711C /* MagicIOSSDKTests */,
				A4DD2D6F25369AE20080711C /* MagicIOSSDKUITests */,
				A4DD2D4725369AE00080711C /* Products */,
			);
			sourceTree = "<group>";
		};
		A4DD2D4725369AE00080711C /* Products */ = {
			isa = PBXGroup;
			children = (
				A4DD2D4625369AE00080711C /* MagicIOSSDK.app */,
				A4DD2D6125369AE20080711C /* MagicIOSSDKTests.xctest */,
				A4DD2D6C25369AE20080711C /* MagicIOSSDKUITests.xctest */,
			);
			name = Products;
			sourceTree = "<group>";
		};
		A4DD2D4825369AE00080711C /* MagicIOSSDK */ = {
			isa = PBXGroup;
			children = (
				A4DD2DA525369DBC0080711C /* API */,
				A4DD2D4925369AE00080711C /* AppDelegate.h */,
				A4DD2D4A25369AE00080711C /* AppDelegate.m */,
				A4DD2D4C25369AE00080711C /* SceneDelegate.h */,
				A4DD2D4D25369AE00080711C /* SceneDelegate.m */,
				A4DD2D4F25369AE00080711C /* ViewController.h */,
				A4DD2D5025369AE00080711C /* ViewController.m */,
				A4DD2D5225369AE00080711C /* Main.storyboard */,
				A4DD2D5525369AE20080711C /* Assets.xcassets */,
				A4DD2D5725369AE20080711C /* LaunchScreen.storyboard */,
				A4DD2D5A25369AE20080711C /* Info.plist */,
				A4DD2D5B25369AE20080711C /* main.m */,
			);
			path = MagicIOSSDK;
			sourceTree = "<group>";
		};
		A4DD2D6425369AE20080711C /* MagicIOSSDKTests */ = {
			isa = PBXGroup;
			children = (
				A4DD2D6525369AE20080711C /* MagicIOSSDKTests.m */,
				A4DD2D6725369AE20080711C /* Info.plist */,
			);
			path = MagicIOSSDKTests;
			sourceTree = "<group>";
		};
		A4DD2D6F25369AE20080711C /* MagicIOSSDKUITests */ = {
			isa = PBXGroup;
			children = (
				A4DD2D7025369AE20080711C /* MagicIOSSDKUITests.m */,
				A4DD2D7225369AE20080711C /* Info.plist */,
			);
			path = MagicIOSSDKUITests;
			sourceTree = "<group>";
		};
		A4DD2DA525369DBC0080711C /* API */ = {
			isa = PBXGroup;
			children = (
				A4DD2DA625369DBC0080711C /* MagicSDK.h */,
				A4DD2DA725369DBC0080711C /* MagicSDK.mm */,
			);
			path = API;
			sourceTree = "<group>";
		};
/* End PBXGroup section */

/* Begin PBXNativeTarget section */
		A4DD2D4525369AE00080711C /* MagicIOSSDK */ = {
			isa = PBXNativeTarget;
			buildConfigurationList = A4DD2D7525369AE20080711C /* Build configuration list for PBXNativeTarget "MagicIOSSDK" */;
			buildPhases = (
				A4DD2D4225369AE00080711C /* Sources */,
				A4DD2D4325369AE00080711C /* Frameworks */,
				A4DD2D4425369AE00080711C /* Resources */,
			);
			buildRules = (
			);
			dependencies = (
			);
			name = MagicIOSSDK;
			productName = MagicIOSSDK;
			productReference = A4DD2D4625369AE00080711C /* MagicIOSSDK.app */;
			productType = "com.apple.product-type.application";
		};
		A4DD2D6025369AE20080711C /* MagicIOSSDKTests */ = {
			isa = PBXNativeTarget;
			buildConfigurationList = A4DD2D7825369AE20080711C /* Build configuration list for PBXNativeTarget "MagicIOSSDKTests" */;
			buildPhases = (
				A4DD2D5D25369AE20080711C /* Sources */,
				A4DD2D5E25369AE20080711C /* Frameworks */,
				A4DD2D5F25369AE20080711C /* Resources */,
			);
			buildRules = (
			);
			dependencies = (
				A4DD2D6325369AE20080711C /* PBXTargetDependency */,
			);
			name = MagicIOSSDKTests;
			productName = MagicIOSSDKTests;
			productReference = A4DD2D6125369AE20080711C /* MagicIOSSDKTests.xctest */;
			productType = "com.apple.product-type.bundle.unit-test";
		};
		A4DD2D6B25369AE20080711C /* MagicIOSSDKUITests */ = {
			isa = PBXNativeTarget;
			buildConfigurationList = A4DD2D7B25369AE20080711C /* Build configuration list for PBXNativeTarget "MagicIOSSDKUITests" */;
			buildPhases = (
				A4DD2D6825369AE20080711C /* Sources */,
				A4DD2D6925369AE20080711C /* Frameworks */,
				A4DD2D6A25369AE20080711C /* Resources */,
			);
			buildRules = (
			);
			dependencies = (
				A4DD2D6E25369AE20080711C /* PBXTargetDependency */,
			);
			name = MagicIOSSDKUITests;
			productName = MagicIOSSDKUITests;
			productReference = A4DD2D6C25369AE20080711C /* MagicIOSSDKUITests.xctest */;
			productType = "com.apple.product-type.bundle.ui-testing";
		};
/* End PBXNativeTarget section */

/* Begin PBXProject section */
		A4DD2D3E25369AE00080711C /* Project object */ = {
			isa = PBXProject;
			attributes = {
				LastUpgradeCheck = 1200;
				TargetAttributes = {
					A4DD2D4525369AE00080711C = {
						CreatedOnToolsVersion = 12.0.1;
					};
					A4DD2D6025369AE20080711C = {
						CreatedOnToolsVersion = 12.0.1;
						TestTargetID = A4DD2D4525369AE00080711C;
					};
					A4DD2D6B25369AE20080711C = {
						CreatedOnToolsVersion = 12.0.1;
						TestTargetID = A4DD2D4525369AE00080711C;
					};
				};
			};
			buildConfigurationList = A4DD2D4125369AE00080711C /* Build configuration list for PBXProject "MagicIOSSDK" */;
			compatibilityVersion = "Xcode 9.3";
			developmentRegion = en;
			hasScannedForEncodings = 0;
			knownRegions = (
				en,
				Base,
			);
			mainGroup = A4DD2D3D25369AE00080711C;
			productRefGroup = A4DD2D4725369AE00080711C /* Products */;
			projectDirPath = "";
			projectRoot = "";
			targets = (
				A4DD2D4525369AE00080711C /* MagicIOSSDK */,
				A4DD2D6025369AE20080711C /* MagicIOSSDKTests */,
				A4DD2D6B25369AE20080711C /* MagicIOSSDKUITests */,
			);
		};
/* End PBXProject section */

/* Begin PBXResourcesBuildPhase section */
		A4DD2D4425369AE00080711C /* Resources */ = {
			isa = PBXResourcesBuildPhase;
			buildActionMask = 2147483647;
			files = (
				A4DD2D5925369AE20080711C /* LaunchScreen.storyboard in Resources */,
				A4DD2D5625369AE20080711C /* Assets.xcassets in Resources */,
				A4DD2D5425369AE00080711C /* Main.storyboard in Resources */,
			);
			runOnlyForDeploymentPostprocessing = 0;
		};
		A4DD2D5F25369AE20080711C /* Resources */ = {
			isa = PBXResourcesBuildPhase;
			buildActionMask = 2147483647;
			files = (
			);
			runOnlyForDeploymentPostprocessing = 0;
		};
		A4DD2D6A25369AE20080711C /* Resources */ = {
			isa = PBXResourcesBuildPhase;
			buildActionMask = 2147483647;
			files = (
			);
			runOnlyForDeploymentPostprocessing = 0;
		};
/* End PBXResourcesBuildPhase section */

/* Begin PBXSourcesBuildPhase section */
		A4DD2D4225369AE00080711C /* Sources */ = {
			isa = PBXSourcesBuildPhase;
			buildActionMask = 2147483647;
			files = (
				A4DD2D5125369AE00080711C /* ViewController.m in Sources */,
				A4DD2D4B25369AE00080711C /* AppDelegate.m in Sources */,
				A4DD2DA825369DBC0080711C /* MagicSDK.mm in Sources */,
				A4DD2D5C25369AE20080711C /* main.m in Sources */,
				A4DD2D4E25369AE00080711C /* SceneDelegate.m in Sources */,
			);
			runOnlyForDeploymentPostprocessing = 0;
		};
		A4DD2D5D25369AE20080711C /* Sources */ = {
			isa = PBXSourcesBuildPhase;
			buildActionMask = 2147483647;
			files = (
				A4DD2D6625369AE20080711C /* MagicIOSSDKTests.m in Sources */,
			);
			runOnlyForDeploymentPostprocessing = 0;
		};
		A4DD2D6825369AE20080711C /* Sources */ = {
			isa = PBXSourcesBuildPhase;
			buildActionMask = 2147483647;
			files = (
				A4DD2D7125369AE20080711C /* MagicIOSSDKUITests.m in Sources */,
			);
			runOnlyForDeploymentPostprocessing = 0;
		};
/* End PBXSourcesBuildPhase section */

/* Begin PBXTargetDependency section */
		A4DD2D6325369AE20080711C /* PBXTargetDependency */ = {
			isa = PBXTargetDependency;
			target = A4DD2D4525369AE00080711C /* MagicIOSSDK */;
			targetProxy = A4DD2D6225369AE20080711C /* PBXContainerItemProxy */;
		};
		A4DD2D6E25369AE20080711C /* PBXTargetDependency */ = {
			isa = PBXTargetDependency;
			target = A4DD2D4525369AE00080711C /* MagicIOSSDK */;
			targetProxy = A4DD2D6D25369AE20080711C /* PBXContainerItemProxy */;
		};
/* End PBXTargetDependency section */

/* Begin PBXVariantGroup section */
		A4DD2D5225369AE00080711C /* Main.storyboard */ = {
			isa = PBXVariantGroup;
			children = (
				A4DD2D5325369AE00080711C /* Base */,
			);
			name = Main.storyboard;
			sourceTree = "<group>";
		};
		A4DD2D5725369AE20080711C /* LaunchScreen.storyboard */ = {
			isa = PBXVariantGroup;
			children = (
				A4DD2D5825369AE20080711C /* Base */,
			);
			name = LaunchScreen.storyboard;
			sourceTree = "<group>";
		};
/* End PBXVariantGroup section */

/* Begin XCBuildConfiguration section */
		A4DD2D7325369AE20080711C /* Debug */ = {
			isa = XCBuildConfiguration;
			buildSettings = {
				ALWAYS_SEARCH_USER_PATHS = NO;
				CLANG_ANALYZER_NONNULL = YES;
				CLANG_ANALYZER_NUMBER_OBJECT_CONVERSION = YES_AGGRESSIVE;
				CLANG_CXX_LANGUAGE_STANDARD = "gnu++14";
				CLANG_CXX_LIBRARY = "libc++";
				CLANG_ENABLE_MODULES = YES;
				CLANG_ENABLE_OBJC_ARC = YES;
				CLANG_ENABLE_OBJC_WEAK = YES;
				CLANG_WARN_BLOCK_CAPTURE_AUTORELEASING = YES;
				CLANG_WARN_BOOL_CONVERSION = YES;
				CLANG_WARN_COMMA = YES;
				CLANG_WARN_CONSTANT_CONVERSION = YES;
				CLANG_WARN_DEPRECATED_OBJC_IMPLEMENTATIONS = YES;
				CLANG_WARN_DIRECT_OBJC_ISA_USAGE = YES_ERROR;
				CLANG_WARN_DOCUMENTATION_COMMENTS = YES;
				CLANG_WARN_EMPTY_BODY = YES;
				CLANG_WARN_ENUM_CONVERSION = YES;
				CLANG_WARN_INFINITE_RECURSION = YES;
				CLANG_WARN_INT_CONVERSION = YES;
				CLANG_WARN_NON_LITERAL_NULL_CONVERSION = YES;
				CLANG_WARN_OBJC_IMPLICIT_RETAIN_SELF = YES;
				CLANG_WARN_OBJC_LITERAL_CONVERSION = YES;
				CLANG_WARN_OBJC_ROOT_CLASS = YES_ERROR;
				CLANG_WARN_QUOTED_INCLUDE_IN_FRAMEWORK_HEADER = YES;
				CLANG_WARN_RANGE_LOOP_ANALYSIS = YES;
				CLANG_WARN_STRICT_PROTOTYPES = YES;
				CLANG_WARN_SUSPICIOUS_MOVE = YES;
				CLANG_WARN_UNGUARDED_AVAILABILITY = YES_AGGRESSIVE;
				CLANG_WARN_UNREACHABLE_CODE = YES;
				CLANG_WARN__DUPLICATE_METHOD_MATCH = YES;
				COPY_PHASE_STRIP = NO;
				DEBUG_INFORMATION_FORMAT = dwarf;
				ENABLE_STRICT_OBJC_MSGSEND = YES;
				ENABLE_TESTABILITY = YES;
				GCC_C_LANGUAGE_STANDARD = gnu11;
				GCC_DYNAMIC_NO_PIC = NO;
				GCC_NO_COMMON_BLOCKS = YES;
				GCC_OPTIMIZATION_LEVEL = 0;
				GCC_PREPROCESSOR_DEFINITIONS = (
					"DEBUG=1",
					"$(inherited)",
				);
				GCC_WARN_64_TO_32_BIT_CONVERSION = YES;
				GCC_WARN_ABOUT_RETURN_TYPE = YES_ERROR;
				GCC_WARN_UNDECLARED_SELECTOR = YES;
				GCC_WARN_UNINITIALIZED_AUTOS = YES_AGGRESSIVE;
				GCC_WARN_UNUSED_FUNCTION = YES;
				GCC_WARN_UNUSED_VARIABLE = YES;
				IPHONEOS_DEPLOYMENT_TARGET = 14.0;
				MTL_ENABLE_DEBUG_INFO = INCLUDE_SOURCE;
				MTL_FAST_MATH = YES;
				ONLY_ACTIVE_ARCH = YES;
				SDKROOT = iphoneos;
			};
			name = Debug;
		};
		A4DD2D7425369AE20080711C /* Release */ = {
			isa = XCBuildConfiguration;
			buildSettings = {
				ALWAYS_SEARCH_USER_PATHS = NO;
				CLANG_ANALYZER_NONNULL = YES;
				CLANG_ANALYZER_NUMBER_OBJECT_CONVERSION = YES_AGGRESSIVE;
				CLANG_CXX_LANGUAGE_STANDARD = "gnu++14";
				CLANG_CXX_LIBRARY = "libc++";
				CLANG_ENABLE_MODULES = YES;
				CLANG_ENABLE_OBJC_ARC = YES;
				CLANG_ENABLE_OBJC_WEAK = YES;
				CLANG_WARN_BLOCK_CAPTURE_AUTORELEASING = YES;
				CLANG_WARN_BOOL_CONVERSION = YES;
				CLANG_WARN_COMMA = YES;
				CLANG_WARN_CONSTANT_CONVERSION = YES;
				CLANG_WARN_DEPRECATED_OBJC_IMPLEMENTATIONS = YES;
				CLANG_WARN_DIRECT_OBJC_ISA_USAGE = YES_ERROR;
				CLANG_WARN_DOCUMENTATION_COMMENTS = YES;
				CLANG_WARN_EMPTY_BODY = YES;
				CLANG_WARN_ENUM_CONVERSION = YES;
				CLANG_WARN_INFINITE_RECURSION = YES;
				CLANG_WARN_INT_CONVERSION = YES;
				CLANG_WARN_NON_LITERAL_NULL_CONVERSION = YES;
				CLANG_WARN_OBJC_IMPLICIT_RETAIN_SELF = YES;
				CLANG_WARN_OBJC_LITERAL_CONVERSION = YES;
				CLANG_WARN_OBJC_ROOT_CLASS = YES_ERROR;
				CLANG_WARN_QUOTED_INCLUDE_IN_FRAMEWORK_HEADER = YES;
				CLANG_WARN_RANGE_LOOP_ANALYSIS = YES;
				CLANG_WARN_STRICT_PROTOTYPES = YES;
				CLANG_WARN_SUSPICIOUS_MOVE = YES;
				CLANG_WARN_UNGUARDED_AVAILABILITY = YES_AGGRESSIVE;
				CLANG_WARN_UNREACHABLE_CODE = YES;
				CLANG_WARN__DUPLICATE_METHOD_MATCH = YES;
				COPY_PHASE_STRIP = NO;
				DEBUG_INFORMATION_FORMAT = "dwarf-with-dsym";
				ENABLE_NS_ASSERTIONS = NO;
				ENABLE_STRICT_OBJC_MSGSEND = YES;
				GCC_C_LANGUAGE_STANDARD = gnu11;
				GCC_NO_COMMON_BLOCKS = YES;
				GCC_WARN_64_TO_32_BIT_CONVERSION = YES;
				GCC_WARN_ABOUT_RETURN_TYPE = YES_ERROR;
				GCC_WARN_UNDECLARED_SELECTOR = YES;
				GCC_WARN_UNINITIALIZED_AUTOS = YES_AGGRESSIVE;
				GCC_WARN_UNUSED_FUNCTION = YES;
				GCC_WARN_UNUSED_VARIABLE = YES;
				IPHONEOS_DEPLOYMENT_TARGET = 14.0;
				MTL_ENABLE_DEBUG_INFO = NO;
				MTL_FAST_MATH = YES;
				SDKROOT = iphoneos;
				VALIDATE_PRODUCT = YES;
			};
			name = Release;
		};
		A4DD2D7625369AE20080711C /* Debug */ = {
			isa = XCBuildConfiguration;
			buildSettings = {
				ASSETCATALOG_COMPILER_APPICON_NAME = AppIcon;
				ASSETCATALOG_COMPILER_GLOBAL_ACCENT_COLOR_NAME = AccentColor;
				CODE_SIGN_STYLE = Automatic;
				DEVELOPMENT_TEAM = 2WSQ7KJPX5;
				INFOPLIST_FILE = MagicIOSSDK/Info.plist;
				LD_RUNPATH_SEARCH_PATHS = (
					"$(inherited)",
					"@executable_path/Frameworks",
				);
				PRODUCT_BUNDLE_IDENTIFIER = com.52mgk.MagicIOSSDK;
				PRODUCT_NAME = "$(TARGET_NAME)";
				TARGETED_DEVICE_FAMILY = "1,2";
			};
			name = Debug;
		};
		A4DD2D7725369AE20080711C /* Release */ = {
			isa = XCBuildConfiguration;
			buildSettings = {
				ASSETCATALOG_COMPILER_APPICON_NAME = AppIcon;
				ASSETCATALOG_COMPILER_GLOBAL_ACCENT_COLOR_NAME = AccentColor;
				CODE_SIGN_STYLE = Automatic;
				DEVELOPMENT_TEAM = 2WSQ7KJPX5;
				INFOPLIST_FILE = MagicIOSSDK/Info.plist;
				LD_RUNPATH_SEARCH_PATHS = (
					"$(inherited)",
					"@executable_path/Frameworks",
				);
				PRODUCT_BUNDLE_IDENTIFIER = com.52mgk.MagicIOSSDK;
				PRODUCT_NAME = "$(TARGET_NAME)";
				TARGETED_DEVICE_FAMILY = "1,2";
			};
			name = Release;
		};
		A4DD2D7925369AE20080711C /* Debug */ = {
			isa = XCBuildConfiguration;
			buildSettings = {
				BUNDLE_LOADER = "$(TEST_HOST)";
				CODE_SIGN_STYLE = Automatic;
				DEVELOPMENT_TEAM = 2WSQ7KJPX5;
				INFOPLIST_FILE = MagicIOSSDKTests/Info.plist;
				IPHONEOS_DEPLOYMENT_TARGET = 14.0;
				LD_RUNPATH_SEARCH_PATHS = (
					"$(inherited)",
					"@executable_path/Frameworks",
					"@loader_path/Frameworks",
				);
				PRODUCT_BUNDLE_IDENTIFIER = com.52mgk.MagicIOSSDKTests;
				PRODUCT_NAME = "$(TARGET_NAME)";
				TARGETED_DEVICE_FAMILY = "1,2";
				TEST_HOST = "$(BUILT_PRODUCTS_DIR)/MagicIOSSDK.app/MagicIOSSDK";
			};
			name = Debug;
		};
		A4DD2D7A25369AE20080711C /* Release */ = {
			isa = XCBuildConfiguration;
			buildSettings = {
				BUNDLE_LOADER = "$(TEST_HOST)";
				CODE_SIGN_STYLE = Automatic;
				DEVELOPMENT_TEAM = 2WSQ7KJPX5;
				INFOPLIST_FILE = MagicIOSSDKTests/Info.plist;
				IPHONEOS_DEPLOYMENT_TARGET = 14.0;
				LD_RUNPATH_SEARCH_PATHS = (
					"$(inherited)",
					"@executable_path/Frameworks",
					"@loader_path/Frameworks",
				);
				PRODUCT_BUNDLE_IDENTIFIER = com.52mgk.MagicIOSSDKTests;
				PRODUCT_NAME = "$(TARGET_NAME)";
				TARGETED_DEVICE_FAMILY = "1,2";
				TEST_HOST = "$(BUILT_PRODUCTS_DIR)/MagicIOSSDK.app/MagicIOSSDK";
			};
			name = Release;
		};
		A4DD2D7C25369AE20080711C /* Debug */ = {
			isa = XCBuildConfiguration;
			buildSettings = {
				CODE_SIGN_STYLE = Automatic;
				DEVELOPMENT_TEAM = 2WSQ7KJPX5;
				INFOPLIST_FILE = MagicIOSSDKUITests/Info.plist;
				LD_RUNPATH_SEARCH_PATHS = (
					"$(inherited)",
					"@executable_path/Frameworks",
					"@loader_path/Frameworks",
				);
				PRODUCT_BUNDLE_IDENTIFIER = com.52mgk.MagicIOSSDKUITests;
				PRODUCT_NAME = "$(TARGET_NAME)";
				TARGETED_DEVICE_FAMILY = "1,2";
				TEST_TARGET_NAME = MagicIOSSDK;
			};
			name = Debug;
		};
		A4DD2D7D25369AE20080711C /* Release */ = {
			isa = XCBuildConfiguration;
			buildSettings = {
				CODE_SIGN_STYLE = Automatic;
				DEVELOPMENT_TEAM = 2WSQ7KJPX5;
				INFOPLIST_FILE = MagicIOSSDKUITests/Info.plist;
				LD_RUNPATH_SEARCH_PATHS = (
					"$(inherited)",
					"@executable_path/Frameworks",
					"@loader_path/Frameworks",
				);
				PRODUCT_BUNDLE_IDENTIFIER = com.52mgk.MagicIOSSDKUITests;
				PRODUCT_NAME = "$(TARGET_NAME)";
				TARGETED_DEVICE_FAMILY = "1,2";
				TEST_TARGET_NAME = MagicIOSSDK;
			};
			name = Release;
		};
/* End XCBuildConfiguration section */

/* Begin XCConfigurationList section */
		A4DD2D4125369AE00080711C /* Build configuration list for PBXProject "MagicIOSSDK" */ = {
			isa = XCConfigurationList;
			buildConfigurations = (
				A4DD2D7325369AE20080711C /* Debug */,
				A4DD2D7425369AE20080711C /* Release */,
			);
			defaultConfigurationIsVisible = 0;
			defaultConfigurationName = Release;
		};
		A4DD2D7525369AE20080711C /* Build configuration list for PBXNativeTarget "MagicIOSSDK" */ = {
			isa = XCConfigurationList;
			buildConfigurations = (
				A4DD2D7625369AE20080711C /* Debug */,
				A4DD2D7725369AE20080711C /* Release */,
			);
			defaultConfigurationIsVisible = 0;
			defaultConfigurationName = Release;
		};
		A4DD2D7825369AE20080711C /* Build configuration list for PBXNativeTarget "MagicIOSSDKTests" */ = {
			isa = XCConfigurationList;
			buildConfigurations = (
				A4DD2D7925369AE20080711C /* Debug */,
				A4DD2D7A25369AE20080711C /* Release */,
			);
			defaultConfigurationIsVisible = 0;
			defaultConfigurationName = Release;
		};
		A4DD2D7B25369AE20080711C /* Build configuration list for PBXNativeTarget "MagicIOSSDKUITests" */ = {
			isa = XCConfigurationList;
			buildConfigurations = (
				A4DD2D7C25369AE20080711C /* Debug */,
				A4DD2D7D25369AE20080711C /* Release */,
			);
			defaultConfigurationIsVisible = 0;
			defaultConfigurationName = Release;
		};
/* End XCConfigurationList section */
	};
	rootObject = A4DD2D3E25369AE00080711C /* Project object */;
}
